
Microsoft Visual Studio Solution File, Format Version 12.00
# Visual Studio Version 17
VisualStudioVersion = 17.8.34511.84
MinimumVisualStudioVersion = 10.0.40219.1
Project("{FAE04EC0-301F-11D3-BF4B-00C04F79EFBC}") = "drivelink", "drivelink\drivelink.csproj", "{8EFD3364-FA5F-453A-9D88-0E2BA5A1E5E2}"
EndProject
Global
	GlobalSection(SolutionConfigurationPlatforms) = preSolution
		Debug|Any CPU = Debug|Any CPU
		Release|Any CPU = Release|Any CPU
	EndGlobalSection
	GlobalSection(ProjectConfigurationPlatforms) = postSolution
		{8EFD3364-FA5F-453A-9D88-0E2BA5A1E5E2}.Debug|Any CPU.ActiveCfg = Debug|Any CPU
		{8EFD3364-FA5F-453A-9D88-0E2BA5A1E5E2}.Debug|Any CPU.Build.0 = Debug|Any CPU
		{8EFD3364-FA5F-453A-9D88-0E2BA5A1E5E2}.Release|Any CPU.ActiveCfg = Release|Any CPU
		{8EFD3364-FA5F-453A-9D88-0E2BA5A1E5E2}.Release|Any CPU.Build.0 = Release|Any CPU
	EndGlobalSection
	GlobalSection(SolutionProperties) = preSolution
		HideSolutionNode = FALSE
	EndGlobalSection
	GlobalSection(ExtensibilityGlobals) = postSolution
		SolutionGuid = {74E0F0EB-B05D-40BE-854F-E0EE6141D2AF}
	EndGlobalSection
EndGlobal
